{
  "name": "vaccineswk",
  "version": "0.0.0",
  "lockfileVersion": 1,
  "requires": true,
  "dependencies": {
    "@antv/adjust": {
      "version": "0.2.3",
      "resolved": "https://registry.npmjs.org/@antv/adjust/-/adjust-0.2.3.tgz",
      "integrity": "sha512-rihqcCdS7piQnK1nRlCvbIaj2QeaqghxINXiMpTJp+0c9cKlTUwL7/2r+gv9YN5R0P1WzSHTmK2Sn+bQCJDo0Q==",
      "requires": {
        "@antv/util": "~2.0.0",
        "tslib": "^1.10.0"
      },
      "dependencies": {
        "tslib": {
          "version": "1.14.1",
          "resolved": "https://registry.npmjs.org/tslib/-/tslib-1.14.1.tgz",
          "integrity": "sha512-Xni35NKzjgMrwevysHTCArtLDpPvye8zV/0E4EyYn43P7/7qvQwPh9BGkHewbMulVntbigmcT7rdX3BNo9wRJg=="
        }
      }
    },
    "@antv/attr": {
      "version": "0.3.2",
      "resolved": "https://registry.npmjs.org/@antv/attr/-/attr-0.3.2.tgz",
      "integrity": "sha512-31PfcVKeQdPBmr/QD+IC0NB/FbdtVKOXBCNMepFc5/dEs7jphmgG1V4tfAJmcXIHubCTHOjpscTrDIvoKSGvMQ==",
      "requires": {
        "@antv/color-util": "^2.0.1",
        "@antv/util": "~2.0.0",
        "tslib": "^1.10.0"
      },
      "dependencies": {
        "tslib": {
          "version": "1.14.1",
          "resolved": "https://registry.npmjs.org/tslib/-/tslib-1.14.1.tgz",
          "integrity": "sha512-Xni35NKzjgMrwevysHTCArtLDpPvye8zV/0E4EyYn43P7/7qvQwPh9BGkHewbMulVntbigmcT7rdX3BNo9wRJg=="
        }
      }
    },
    "@antv/color-util": {
      "version": "2.0.6",
      "resolved": "https://registry.npmjs.org/@antv/color-util/-/color-util-2.0.6.tgz",
      "integrity": "sha512-KnPEaAH+XNJMjax9U35W67nzPI+QQ2x27pYlzmSIWrbj4/k8PGrARXfzDTjwoozHJY8qG62Z+Ww6Alhu2FctXQ==",
      "requires": {
        "@antv/util": "^2.0.9",
        "tslib": "^2.0.3"
      }
    },
    "@antv/component": {
      "version": "0.8.17",
      "resolved": "https://registry.npmjs.org/@antv/component/-/component-0.8.17.tgz",
      "integrity": "sha512-Dcz7u9TqamJzNRUDZclEjiXRxTLUY6DVGpyENKMvsp0dsu85W6R1t0O4rROj0hNspdFfDWUS7qqH39jVWWAu3Q==",
      "requires": {
        "@antv/dom-util": "~2.0.1",
        "@antv/g-base": "0.5.6",
        "@antv/matrix-util": "^3.1.0-beta.1",
        "@antv/path-util": "~2.0.7",
        "@antv/scale": "~0.3.1",
        "@antv/util": "~2.0.0",
        "fecha": "~4.2.0",
        "tslib": "^2.0.3"
      },
      "dependencies": {
        "@antv/g-base": {
          "version": "0.5.6",
          "resolved": "https://registry.npmjs.org/@antv/g-base/-/g-base-0.5.6.tgz",
          "integrity": "sha512-szxqFQ/xdCnfaeSEEC2kVjXdKxJnvKKJNT0MvaOG3UXOfsjPDLgb3IKLr+bU3sLvTAQfPhsbtYh7mWb03+mGjA==",
          "requires": {
            "@antv/event-emitter": "^0.1.1",
            "@antv/g-math": "^0.1.6",
            "@antv/matrix-util": "^3.1.0-beta.1",
            "@antv/path-util": "~2.0.5",
            "@antv/util": "~2.0.0",
            "@types/d3-timer": "^2.0.0",
            "d3-ease": "^1.0.5",
            "d3-interpolate": "^1.3.2",
            "d3-timer": "^1.0.9",
            "detect-browser": "^5.1.0",
            "tslib": "^2.0.3"
          }
        },
        "d3-color": {
          "version": "1.4.1",
          "resolved": "https://registry.npmjs.org/d3-color/-/d3-color-1.4.1.tgz",
          "integrity": "sha512-p2sTHSLCJI2QKunbGb7ocOh7DgTAn8IrLx21QRc/BSnodXM4sv6aLQlnfpvehFMLZEfBc6g9pH9SWQccFYfJ9Q=="
        },
        "d3-interpolate": {
          "version": "1.4.0",
          "resolved": "https://registry.npmjs.org/d3-interpolate/-/d3-interpolate-1.4.0.tgz",
          "integrity": "sha512-V9znK0zc3jOPV4VD2zZn0sDhZU3WAE2bmlxdIwwQPPzPjvyLkd8B3JUVdS1IDUFDkWZ72c9qnv1GK2ZagTZ8EA==",
          "requires": {
            "d3-color": "1"
          }
        }
      }
    },
    "@antv/coord": {
      "version": "0.3.1",
      "resolved": "https://registry.npmjs.org/@antv/coord/-/coord-0.3.1.tgz",
      "integrity": "sha512-rFE94C8Xzbx4xmZnHh2AnlB3Qm1n5x0VT3OROy257IH6Rm4cuzv1+tZaUBATviwZd99S+rOY9telw/+6C9GbRw==",
      "requires": {
        "@antv/matrix-util": "^3.1.0-beta.2",
        "@antv/util": "~2.0.12",
        "tslib": "^2.1.0"
      }
    },
    "@antv/dom-util": {
      "version": "2.0.3",
      "resolved": "https://registry.npmjs.org/@antv/dom-util/-/dom-util-2.0.3.tgz",
      "integrity": "sha512-dUHsUT4U9X1T1/Y9bH3jRMe0MzvWJk2jSQm1vm3w9NX+Ra0ftq5VUBiGTNbthm3nFwG0fFFjip904rYjl50g4A==",
      "requires": {
        "tslib": "^2.0.3"
      }
    },
    "@antv/event-emitter": {
      "version": "0.1.2",
      "resolved": "https://registry.npmjs.org/@antv/event-emitter/-/event-emitter-0.1.2.tgz",
      "integrity": "sha512-6C6NJOdoNVptCr5y9BVOhKkCgW7LFs/SpcRyAExUeSjAm0zJqcqNkSIRGsXYhj4PJI+CZICHzGwwiSnIsE68Ug=="
    },
    "@antv/g-base": {
      "version": "0.5.9",
      "resolved": "https://registry.npmjs.org/@antv/g-base/-/g-base-0.5.9.tgz",
      "integrity": "sha512-IAzuCLRmz9cKCWUKR3cKWgLZ/6OQYpTCIOgxAP8Bc+HRw0mu8iC3OTz+tWKGv9L8unpvCvpQd1H+OTTjdg/TpQ==",
      "requires": {
        "@antv/event-emitter": "^0.1.1",
        "@antv/g-math": "^0.1.6",
        "@antv/matrix-util": "^3.1.0-beta.1",
        "@antv/path-util": "~2.0.5",
        "@antv/util": "~2.0.0",
        "@types/d3-timer": "^2.0.0",
        "d3-ease": "^1.0.5",
        "d3-interpolate": "^1.3.2",
        "d3-timer": "^1.0.9",
        "detect-browser": "^5.1.0",
        "tslib": "^2.0.3"
      },
      "dependencies": {
        "d3-color": {
          "version": "1.4.1",
          "resolved": "https://registry.npmjs.org/d3-color/-/d3-color-1.4.1.tgz",
          "integrity": "sha512-p2sTHSLCJI2QKunbGb7ocOh7DgTAn8IrLx21QRc/BSnodXM4sv6aLQlnfpvehFMLZEfBc6g9pH9SWQccFYfJ9Q=="
        },
        "d3-interpolate": {
          "version": "1.4.0",
          "resolved": "https://registry.npmjs.org/d3-interpolate/-/d3-interpolate-1.4.0.tgz",
          "integrity": "sha512-V9znK0zc3jOPV4VD2zZn0sDhZU3WAE2bmlxdIwwQPPzPjvyLkd8B3JUVdS1IDUFDkWZ72c9qnv1GK2ZagTZ8EA==",
          "requires": {
            "d3-color": "1"
          }
        }
      }
    },
    "@antv/g-canvas": {
      "version": "0.5.12",
      "resolved": "https://registry.npmjs.org/@antv/g-canvas/-/g-canvas-0.5.12.tgz",
      "integrity": "sha512-iJ/muwwqCCNONVlPIzv/7OL5iLguaKRj2BxNMytUO3TWwamM+kHkiyYEOkS0dPn9h/hBsHYlLUluSVz2Fp6/bw==",
      "requires": {
        "@antv/g-base": "^0.5.3",
        "@antv/g-math": "^0.1.6",
        "@antv/matrix-util": "^3.1.0-beta.1",
        "@antv/path-util": "~2.0.5",
        "@antv/util": "~2.0.0",
        "gl-matrix": "^3.0.0",
        "tslib": "^2.0.3"
      }
    },
    "@antv/g-math": {
      "version": "0.1.7",
      "resolved": "https://registry.npmjs.org/@antv/g-math/-/g-math-0.1.7.tgz",
      "integrity": "sha512-xGyXaloD1ynfp7gS4VuV+MjSptZIwHvLHr8ekXJSFAeWPYLu84yOW2wOZHDdp1bzDAIuRv6xDBW58YGHrWsFcA==",
      "requires": {
        "@antv/util": "~2.0.0",
        "gl-matrix": "^3.0.0"
      }
    },
    "@antv/g-svg": {
      "version": "0.5.6",
      "resolved": "https://registry.npmjs.org/@antv/g-svg/-/g-svg-0.5.6.tgz",
      "integrity": "sha512-Xve1EUGk4HMbl2nq4ozR4QLh6GyoZ8Xw/+9kHYI4B5P2lIUQU95MuRsaLFfW5NNpZDx85ZeH97tqEmC9L96E7A==",
      "requires": {
        "@antv/g-base": "^0.5.3",
        "@antv/g-math": "^0.1.6",
        "@antv/util": "~2.0.0",
        "detect-browser": "^5.0.0",
        "tslib": "^2.0.3"
      }
    },
    "@antv/g2": {
      "version": "4.1.24",
      "resolved": "https://registry.npmjs.org/@antv/g2/-/g2-4.1.24.tgz",
      "integrity": "sha512-jB7D5M5i3YFn9OWLOmYW4ywIgZ4bWXeXgpPPznddtgWJ5F777qM8jF/53VLYkpXBBVLdzj8AsEkgIVH42Rs+ig==",
      "requires": {
        "@antv/adjust": "^0.2.1",
        "@antv/attr": "^0.3.1",
        "@antv/color-util": "^2.0.2",
        "@antv/component": "^0.8.7",
        "@antv/coord": "^0.3.0",
        "@antv/dom-util": "^2.0.2",
        "@antv/event-emitter": "~0.1.0",
        "@antv/g-base": "~0.5.6",
        "@antv/g-canvas": "~0.5.10",
        "@antv/g-svg": "~0.5.6",
        "@antv/matrix-util": "^3.1.0-beta.1",
        "@antv/path-util": "^2.0.3",
        "@antv/scale": "^0.3.7",
        "@antv/util": "~2.0.5",
        "tslib": "^2.0.0"
      }
    },
    "@antv/g2plot": {
      "version": "2.3.31",
      "resolved": "https://registry.npmjs.org/@antv/g2plot/-/g2plot-2.3.31.tgz",
      "integrity": "sha512-pe7C62exZ/7dp98opsFJ7BVVUZgPusASXaph7EMPdjwDMbQn0SPHMdhJ964izg7g7qbCWcvBuo5Y+1OQ8pJlPw==",
      "requires": {
        "@antv/event-emitter": "^0.1.2",
        "@antv/g2": "^4.1.19",
        "d3-hierarchy": "^2.0.0",
        "d3-regression": "^1.3.5",
        "pdfast": "^0.2.0",
        "size-sensor": "^1.0.1",
        "tslib": "^2.0.3"
      }
    },
    "@antv/matrix-util": {
      "version": "3.1.0-beta.2",
      "resolved": "https://registry.npmjs.org/@antv/matrix-util/-/matrix-util-3.1.0-beta.2.tgz",
      "integrity": "sha512-Efwp0ZHxVDK/8RUa/RRWN7HKFHJmjn7Oq5HaNBbCmsxd7JTla3Zsoq1AZrjWMDlq0lplo77urclwI+XIW8NEHw==",
      "requires": {
        "@antv/util": "^2.0.9",
        "gl-matrix": "^3.3.0",
        "tslib": "^1.10.0"
      },
      "dependencies": {
        "tslib": {
          "version": "1.14.1",
          "resolved": "https://registry.npmjs.org/tslib/-/tslib-1.14.1.tgz",
          "integrity": "sha512-Xni35NKzjgMrwevysHTCArtLDpPvye8zV/0E4EyYn43P7/7qvQwPh9BGkHewbMulVntbigmcT7rdX3BNo9wRJg=="
        }
      }
    },
    "@antv/path-util": {
      "version": "2.0.9",
      "resolved": "https://registry.npmjs.org/@antv/path-util/-/path-util-2.0.9.tgz",
      "integrity": "sha512-kunEz4dNheQMVn4rVFsoBDx+n9Knfi3uRLvDk9SojZAqpninsjFhdoiYtbExwJGz1FYGtiV10Y6N1tp73kZFcg==",
      "requires": {
        "@antv/util": "^2.0.9",
        "tslib": "^2.0.3"
      }
    },
    "@antv/scale": {
      "version": "0.3.12",
      "resolved": "https://registry.npmjs.org/@antv/scale/-/scale-0.3.12.tgz",
      "integrity": "sha512-ov0cQy5VsYUVFTwKZ3/sXcIKJK1msXye6xie6h+1McwvgmM+rZdKvGCbfGIXVmV9JBc9zksa2ke4E0sI0TawjQ==",
      "requires": {
        "@antv/util": "~2.0.3",
        "fecha": "~4.2.0",
        "tslib": "^2.0.0"
      }
    },
    "@antv/util": {
      "version": "2.0.14",
      "resolved": "https://registry.npmjs.org/@antv/util/-/util-2.0.14.tgz",
      "integrity": "sha512-iwM4XKRzW7pbBnMnSGKqcNGo3FdDzMGbRojAiMQ2KC0bTwtLEphQ+hYWa1c+O9BuHtcMkVvTVDylHNESL5vE5g==",
      "requires": {
        "tslib": "^2.0.3"
      }
    },
    "@babel/helper-validator-identifier": {
      "version": "7.14.5",
      "resolved": "https://registry.npmjs.org/@babel/helper-validator-identifier/-/helper-validator-identifier-7.14.5.tgz",
      "integrity": "sha512-5lsetuxCLilmVGyiLEfoHBRX8UCFD+1m2x3Rj97WrW3V7H3u4RWRXA4evMjImCsin2J2YT0QaVDGf+z8ondbAg=="
    },
    "@babel/parser": {
      "version": "7.14.7",
      "resolved": "https://registry.npmjs.org/@babel/parser/-/parser-7.14.7.tgz",
      "integrity": "sha512-X67Z5y+VBJuHB/RjwECp8kSl5uYi0BvRbNeWqkaJCVh+LiTPl19WBUfG627psSgp9rSf6ojuXghQM3ha6qHHdA=="
    },
    "@babel/types": {
      "version": "7.14.5",
      "resolved": "https://registry.npmjs.org/@babel/types/-/types-7.14.5.tgz",
      "integrity": "sha512-M/NzBpEL95I5Hh4dwhin5JlE7EzO5PHMAuzjxss3tiOBD46KfQvVedN/3jEPZvdRvtsK2222XfdHogNIttFgcg==",
      "requires": {
        "@babel/helper-validator-identifier": "^7.14.5",
        "to-fast-properties": "^2.0.0"
      }
    },
    "@j-t-mcc/vue3-chartjs": {
      "version": "1.1.4",
      "resolved": "https://registry.npmjs.org/@j-t-mcc/vue3-chartjs/-/vue3-chartjs-1.1.4.tgz",
      "integrity": "sha512-DaMbonZp+lkUm+xe9xoRyvDJhXUKYMIpax937nzq+isUmRy3iIy6QeyYZV2Rd+T63ePRUJs2xxHSPMnmZDUduw=="
    },
    "@opd/g2plot-vue": {
      "version": "3.4.1",
      "resolved": "https://registry.npmjs.org/@opd/g2plot-vue/-/g2plot-vue-3.4.1.tgz",
      "integrity": "sha512-oknwqqUl7lUjgECeaVK5gGVGGMwqSh81W8l2XBVc1L7zl6bVGYucusGDuXeINbIgJa6ba396kX1gaqhWKY4USg==",
      "requires": {
        "core-js": "^3.12.1",
        "vue-demi": "^0.11.2"
      },
      "dependencies": {
        "vue-demi": {
          "version": "0.11.3",
          "resolved": "https://registry.npmjs.org/vue-demi/-/vue-demi-0.11.3.tgz",
          "integrity": "sha512-DpM0TTMpclRZDV6AIacgg837zrim/C9Zn+2ztXBs9hsESJN9vC83ztjTe4KC4HgJuVle8YUjPp7HTwWtwOHfmg=="
        }
      }
    },
    "@types/d3-timer": {
      "version": "2.0.1",
      "resolved": "https://registry.npmjs.org/@types/d3-timer/-/d3-timer-2.0.1.tgz",
      "integrity": "sha512-TF8aoF5cHcLO7W7403blM7L1T+6NF3XMyN3fxyUolq2uOcFeicG/khQg/dGxiCJWoAcmYulYN7LYSRKO54IXaA=="
    },
    "@vitejs/plugin-vue": {
      "version": "1.2.3",
      "resolved": "https://registry.npmjs.org/@vitejs/plugin-vue/-/plugin-vue-1.2.3.tgz",
      "integrity": "sha512-LlnLpObkGKZ+b7dcpL4T24l13nPSHLjo+6Oc7MbZiKz5PMAUzADfNJ3EKfYIQ0l0969nxf2jp/9vsfnuJ7h6fw==",
      "dev": true
    },
    "@vue/compiler-core": {
      "version": "3.1.1",
      "resolved": "https://registry.npmjs.org/@vue/compiler-core/-/compiler-core-3.1.1.tgz",
      "integrity": "sha512-Z1RO3T6AEtAUFf2EqqovFm3ohAeTvFzRtB0qUENW2nEerJfdlk13/LS1a0EgsqlzxmYfR/S/S/gW9PLbFZZxkA==",
      "requires": {
        "@babel/parser": "^7.12.0",
        "@babel/types": "^7.12.0",
        "@vue/shared": "3.1.1",
        "estree-walker": "^2.0.1",
        "source-map": "^0.6.1"
      }
    },
    "@vue/compiler-dom": {
      "version": "3.1.1",
      "resolved": "https://registry.npmjs.org/@vue/compiler-dom/-/compiler-dom-3.1.1.tgz",
      "integrity": "sha512-nobRIo0t5ibzg+q8nC31m+aJhbq8FbWUoKvk6h3Vs1EqTDJaj6lBTcVTq5or8AYht7FbSpdAJ81isbJ1rWNX7A==",
      "requires": {
        "@vue/compiler-core": "3.1.1",
        "@vue/shared": "3.1.1"
      }
    },
    "@vue/compiler-sfc": {
      "version": "3.1.1",
      "resolved": "https://registry.npmjs.org/@vue/compiler-sfc/-/compiler-sfc-3.1.1.tgz",
      "integrity": "sha512-lSgMsZaYHF+bAgryq5aUqpvyfhu52GJI2/4LoiJCE5uaxc6FCZfxfgqgw/d9ltiZghv+HiISFtmQVAVvlsk+/w==",
      "dev": true,
      "requires": {
        "@babel/parser": "^7.13.9",
        "@babel/types": "^7.13.0",
        "@vue/compiler-core": "3.1.1",
        "@vue/compiler-dom": "3.1.1",
        "@vue/compiler-ssr": "3.1.1",
        "@vue/shared": "3.1.1",
        "consolidate": "^0.16.0",
        "estree-walker": "^2.0.1",
        "hash-sum": "^2.0.0",
        "lru-cache": "^5.1.1",
        "magic-string": "^0.25.7",
        "merge-source-map": "^1.1.0",
        "postcss": "^8.1.10",
        "postcss-modules": "^4.0.0",
        "postcss-selector-parser": "^6.0.4",
        "source-map": "^0.6.1"
      }
    },
    "@vue/compiler-ssr": {
      "version": "3.1.1",
      "resolved": "https://registry.npmjs.org/@vue/compiler-ssr/-/compiler-ssr-3.1.1.tgz",
      "integrity": "sha512-7H6krZtVt3h/YzfNp7eYK41hMDz8ZskiBy+Wby+EDRINX6BD9JQ5C8zyy2xAa7T6Iz2VrQzsaJ/Bb52lTPSS5A==",
      "dev": true,
      "requires": {
        "@vue/compiler-dom": "3.1.1",
        "@vue/shared": "3.1.1"
      }
    },
    "@vue/devtools-api": {
      "version": "6.0.0-beta.15",
      "resolved": "https://registry.npmjs.org/@vue/devtools-api/-/devtools-api-6.0.0-beta.15.tgz",
      "integrity": "sha512-quBx4Jjpexo6KDiNUGFr/zF/2A4srKM9S9v2uHgMXSU//hjgq1eGzqkIFql8T9gfX5ZaVOUzYBP3jIdIR3PKIA=="
    },
    "@vue/reactivity": {
      "version": "3.1.1",
      "resolved": "https://registry.npmjs.org/@vue/reactivity/-/reactivity-3.1.1.tgz",
      "integrity": "sha512-DsH5woNVCcPK1M0RRYVgJEU1GJDU2ASOKpAqW3ppHk+XjoFLCbqc/26RTCgTpJYd9z8VN+79Q1u7/QqgQPbuLQ==",
      "requires": {
        "@vue/shared": "3.1.1"
      }
    },
    "@vue/runtime-core": {
      "version": "3.1.1",
      "resolved": "https://registry.npmjs.org/@vue/runtime-core/-/runtime-core-3.1.1.tgz",
      "integrity": "sha512-GboqR02txOtkd9F3Ysd8ltPL68vTCqIx2p/J52/gFtpgb5FG9hvOAPEwFUqxeEJRu7ResvQnmdOHiEycGPCLhQ==",
      "requires": {
        "@vue/reactivity": "3.1.1",
        "@vue/shared": "3.1.1"
      }
    },
    "@vue/runtime-dom": {
      "version": "3.1.1",
      "resolved": "https://registry.npmjs.org/@vue/runtime-dom/-/runtime-dom-3.1.1.tgz",
      "integrity": "sha512-o57n/199e/BBAmLRMSXmD2r12Old/h/gf6BgL0RON1NT2pwm6MWaMY4Ul55eyq+FsDILz4jR/UgoPQ9vYB8xcw==",
      "requires": {
        "@vue/runtime-core": "3.1.1",
        "@vue/shared": "3.1.1",
        "csstype": "^2.6.8"
      }
    },
    "@vue/shared": {
      "version": "3.1.1",
      "resolved": "https://registry.npmjs.org/@vue/shared/-/shared-3.1.1.tgz",
      "integrity": "sha512-g+4pzAw7PYSjARtLBoDq6DmcblX8i9KJHSCnyM5VDDFFifUaUT9iHbFpOF/KOizQ9f7QAqU2JH3Y6aXjzUMhVA=="
    },
    "@vueform/multiselect": {
      "version": "2.0.1",
      "resolved": "https://registry.npmjs.org/@vueform/multiselect/-/multiselect-2.0.1.tgz",
      "integrity": "sha512-7vC60wF8q7GB5yiv9qH8wF8vA1gj/wsdIUR9s/E0DELkmwCVHNex9nkHzDo5dS72fMLByiQbWbJ73K2yr2P2qQ=="
    },
    "@vueuse/core": {
      "version": "5.0.3",
      "resolved": "https://registry.npmjs.org/@vueuse/core/-/core-5.0.3.tgz",
      "integrity": "sha512-TMCL11EVMaj2Y5qdYosvuwA+i1aKrerFXs7fhNZiQiLCWxF8XsrNdxzoiaI2n12UcmSOXvd1xdyWs7Nss+p/Hg==",
      "requires": {
        "@vueuse/shared": "5.0.3",
        "vue-demi": "*"
      }
    },
    "@vueuse/shared": {
      "version": "5.0.3",
      "resolved": "https://registry.npmjs.org/@vueuse/shared/-/shared-5.0.3.tgz",
      "integrity": "sha512-aY93WPygr8H/4RB8YuOmAD83Y+faq7zwW10Kd9i0kD9zf5ysVP+32j09rF/mZVtGCa0CSM8ambPZMsEhCkRbwQ==",
      "requires": {
        "vue-demi": "*"
      }
    },
    "axios": {
      "version": "0.21.1",
      "resolved": "https://registry.npmjs.org/axios/-/axios-0.21.1.tgz",
      "integrity": "sha512-dKQiRHxGD9PPRIUNIWvZhPTPpl1rf/OxTYKsqKUDjBwYylTvV7SjSHJb9ratfyzM6wCdLCOYLzs73qpg5c4iGA==",
      "requires": {
        "follow-redirects": "^1.10.0"
      }
    },
    "big.js": {
      "version": "5.2.2",
      "resolved": "https://registry.npmjs.org/big.js/-/big.js-5.2.2.tgz",
      "integrity": "sha512-vyL2OymJxmarO8gxMr0mhChsO9QGwhynfuu4+MHTAW6czfq9humCB7rKpUjDd9YUiDPU4mzpyupFSvOClAwbmQ==",
      "dev": true
    },
    "bluebird": {
      "version": "3.7.2",
      "resolved": "https://registry.npmjs.org/bluebird/-/bluebird-3.7.2.tgz",
      "integrity": "sha512-XpNj6GDQzdfW+r2Wnn7xiSAd7TM3jzkxGXBGTtWKuSXv1xUV+azxAm8jdWZN06QTQk+2N2XB9jRDkvbmQmcRtg==",
      "dev": true
    },
    "chart.js": {
      "version": "3.5.1",
      "resolved": "https://registry.npmjs.org/chart.js/-/chart.js-3.5.1.tgz",
      "integrity": "sha512-m5kzt72I1WQ9LILwQC4syla/LD/N413RYv2Dx2nnTkRS9iv/ey1xLTt0DnPc/eWV4zI+BgEgDYBIzbQhZHc/PQ=="
    },
    "colorette": {
      "version": "1.2.2",
      "resolved": "https://registry.npmjs.org/colorette/-/colorette-1.2.2.tgz",
      "integrity": "sha512-MKGMzyfeuutC/ZJ1cba9NqcNpfeqMUcYmyF1ZFY6/Cn7CNSAKx6a+s48sqLqyAiZuaP2TcqMhoo+dlwFnVxT9w==",
      "dev": true
    },
    "consolidate": {
      "version": "0.16.0",
      "resolved": "https://registry.npmjs.org/consolidate/-/consolidate-0.16.0.tgz",
      "integrity": "sha512-Nhl1wzCslqXYTJVDyJCu3ODohy9OfBMB5uD2BiBTzd7w+QY0lBzafkR8y8755yMYHAaMD4NuzbAw03/xzfw+eQ==",
      "dev": true,
      "requires": {
        "bluebird": "^3.7.2"
      }
    },
    "core-js": {
      "version": "3.15.0",
      "resolved": "https://registry.npmjs.org/core-js/-/core-js-3.15.0.tgz",
      "integrity": "sha512-GUbtPllXMYRzIgHNZ4dTYTcUemls2cni83Q4Q/TrFONHfhcg9oEGOtaGHfb0cpzec60P96UKPvMkjX1jET8rUw=="
    },
    "cssesc": {
      "version": "3.0.0",
      "resolved": "https://registry.npmjs.org/cssesc/-/cssesc-3.0.0.tgz",
      "integrity": "sha512-/Tb/JcjK111nNScGob5MNtsntNM1aCNUDipB/TkwZFhyDrrE47SOx/18wF2bbjgc3ZzCSKW1T5nt5EbFoAz/Vg==",
      "dev": true
    },
    "csstype": {
      "version": "2.6.17",
      "resolved": "https://registry.npmjs.org/csstype/-/csstype-2.6.17.tgz",
      "integrity": "sha512-u1wmTI1jJGzCJzWndZo8mk4wnPTZd1eOIYTYvuEyOQGfmDl3TrabCCfKnOC86FZwW/9djqTl933UF/cS425i9A=="
    },
    "d3-array": {
      "version": "2.12.1",
      "resolved": "https://registry.npmjs.org/d3-array/-/d3-array-2.12.1.tgz",
      "integrity": "sha512-B0ErZK/66mHtEsR1TkPEEkwdy+WDesimkM5gpZr5Dsg54BiTA5RXtYW5qTLIAcekaS9xfZrzBLF/OAkB3Qn1YQ==",
      "requires": {
        "internmap": "^1.0.0"
      }
    },
    "d3-axis": {
      "version": "2.1.0",
      "resolved": "https://registry.npmjs.org/d3-axis/-/d3-axis-2.1.0.tgz",
      "integrity": "sha512-z/G2TQMyuf0X3qP+Mh+2PimoJD41VOCjViJzT0BHeL/+JQAofkiWZbWxlwFGb1N8EN+Cl/CW+MUKbVzr1689Cw=="
    },
    "d3-color": {
      "version": "2.0.0",
      "resolved": "https://registry.npmjs.org/d3-color/-/d3-color-2.0.0.tgz",
      "integrity": "sha512-SPXi0TSKPD4g9tw0NMZFnR95XVgUZiBH+uUTqQuDu1OsE2zomHU7ho0FISciaPvosimixwHFl3WHLGabv6dDgQ=="
    },
    "d3-ease": {
      "version": "1.0.7",
      "resolved": "https://registry.npmjs.org/d3-ease/-/d3-ease-1.0.7.tgz",
      "integrity": "sha512-lx14ZPYkhNx0s/2HX5sLFUI3mbasHjSSpwO/KaaNACweVwxUruKyWVcb293wMv1RqTPZyZ8kSZ2NogUZNcLOFQ=="
    },
    "d3-format": {
      "version": "2.0.0",
      "resolved": "https://registry.npmjs.org/d3-format/-/d3-format-2.0.0.tgz",
      "integrity": "sha512-Ab3S6XuE/Q+flY96HXT0jOXcM4EAClYFnRGY5zsjRGNy6qCYrQsMffs7cV5Q9xejb35zxW5hf/guKw34kvIKsA=="
    },
    "d3-hierarchy": {
      "version": "2.0.0",
      "resolved": "https://registry.npmjs.org/d3-hierarchy/-/d3-hierarchy-2.0.0.tgz",
      "integrity": "sha512-SwIdqM3HxQX2214EG9GTjgmCc/mbSx4mQBn+DuEETubhOw6/U3fmnji4uCVrmzOydMHSO1nZle5gh6HB/wdOzw=="
    },
    "d3-interpolate": {
      "version": "2.0.1",
      "resolved": "https://registry.npmjs.org/d3-interpolate/-/d3-interpolate-2.0.1.tgz",
      "integrity": "sha512-c5UhwwTs/yybcmTpAVqwSFl6vrQ8JZJoT5F7xNFK9pymv5C0Ymcc9/LIJHtYIggg/yS9YHw8i8O8tgb9pupjeQ==",
      "requires": {
        "d3-color": "1 - 2"
      }
    },
    "d3-path": {
      "version": "2.0.0",
      "resolved": "https://registry.npmjs.org/d3-path/-/d3-path-2.0.0.tgz",
      "integrity": "sha512-ZwZQxKhBnv9yHaiWd6ZU4x5BtCQ7pXszEV9CU6kRgwIQVQGLMv1oiL4M+MK/n79sYzsj+gcgpPQSctJUsLN7fA=="
    },
    "d3-regression": {
      "version": "1.3.9",
      "resolved": "https://registry.npmjs.org/d3-regression/-/d3-regression-1.3.9.tgz",
      "integrity": "sha512-PoMpToIvxSnVpgAZTCERVseRend40JIBICJxwATJ/T4laWGaI5dpRdRxrPITxD8hk8W455fKonVChwSmDyWEyg=="
    },
    "d3-scale": {
      "version": "3.3.0",
      "resolved": "https://registry.npmjs.org/d3-scale/-/d3-scale-3.3.0.tgz",
      "integrity": "sha512-1JGp44NQCt5d1g+Yy+GeOnZP7xHo0ii8zsQp6PGzd+C1/dl0KGsp9A7Mxwp+1D1o4unbTTxVdU/ZOIEBoeZPbQ==",
      "requires": {
        "d3-array": "^2.3.0",
        "d3-format": "1 - 2",
        "d3-interpolate": "1.2.0 - 2",
        "d3-time": "^2.1.1",
        "d3-time-format": "2 - 3"
      }
    },
    "d3-selection": {
      "version": "2.0.0",
      "resolved": "https://registry.npmjs.org/d3-selection/-/d3-selection-2.0.0.tgz",
      "integrity": "sha512-XoGGqhLUN/W14NmaqcO/bb1nqjDAw5WtSYb2X8wiuQWvSZUsUVYsOSkOybUrNvcBjaywBdYPy03eXHMXjk9nZA=="
    },
    "d3-shape": {
      "version": "2.1.0",
      "resolved": "https://registry.npmjs.org/d3-shape/-/d3-shape-2.1.0.tgz",
      "integrity": "sha512-PnjUqfM2PpskbSLTJvAzp2Wv4CZsnAgTfcVRTwW03QR3MkXF8Uo7B1y/lWkAsmbKwuecto++4NlsYcvYpXpTHA==",
      "requires": {
        "d3-path": "1 - 2"
      }
    },
    "d3-time": {
      "version": "2.1.1",
      "resolved": "https://registry.npmjs.org/d3-time/-/d3-time-2.1.1.tgz",
      "integrity": "sha512-/eIQe/eR4kCQwq7yxi7z4c6qEXf2IYGcjoWB5OOQy4Tq9Uv39/947qlDcN2TLkiTzQWzvnsuYPB9TrWaNfipKQ==",
      "requires": {
        "d3-array": "2"
      }
    },
    "d3-time-format": {
      "version": "3.0.0",
      "resolved": "https://registry.npmjs.org/d3-time-format/-/d3-time-format-3.0.0.tgz",
      "integrity": "sha512-UXJh6EKsHBTjopVqZBhFysQcoXSv/5yLONZvkQ5Kk3qbwiUYkdX17Xa1PT6U1ZWXGGfB1ey5L8dKMlFq2DO0Ag==",
      "requires": {
        "d3-time": "1 - 2"
      }
    },
    "d3-timer": {
      "version": "1.0.10",
      "resolved": "https://registry.npmjs.org/d3-timer/-/d3-timer-1.0.10.tgz",
      "integrity": "sha512-B1JDm0XDaQC+uvo4DT79H0XmBskgS3l6Ve+1SBCfxgmtIb1AVrPIoqd+nPSv+loMX8szQ0sVUhGngL7D5QPiXw=="
    },
    "dayjs": {
      "version": "1.10.5",
      "resolved": "https://registry.npmjs.org/dayjs/-/dayjs-1.10.5.tgz",
      "integrity": "sha512-BUFis41ikLz+65iH6LHQCDm4YPMj5r1YFLdupPIyM4SGcXMmtiLQ7U37i+hGS8urIuqe7I/ou3IS1jVc4nbN4g=="
    },
    "detect-browser": {
      "version": "5.2.0",
      "resolved": "https://registry.npmjs.org/detect-browser/-/detect-browser-5.2.0.tgz",
      "integrity": "sha512-tr7XntDAu50BVENgQfajMLzacmSe34D+qZc4zjnniz0ZVuw/TZcLcyxHQjYpJTM36sGEkZZlYLnIM1hH7alTMA=="
    },
    "emojis-list": {
      "version": "3.0.0",
      "resolved": "https://registry.npmjs.org/emojis-list/-/emojis-list-3.0.0.tgz",
      "integrity": "sha512-/kyM18EfinwXZbno9FyUGeFh87KC8HRQBQGildHZbEuRyWFOmv1U10o9BBp8XVZDVNNuQKyIGIu5ZYAAXJ0V2Q==",
      "dev": true
    },
    "esbuild": {
      "version": "0.12.9",
      "resolved": "https://registry.npmjs.org/esbuild/-/esbuild-0.12.9.tgz",
      "integrity": "sha512-MWRhAbMOJ9RJygCrt778rz/qNYgA4ZVj6aXnNPxFjs7PmIpb0fuB9Gmg5uWrr6n++XKwwm/RmSz6RR5JL2Ocsw==",
      "dev": true
    },
    "estree-walker": {
      "version": "2.0.2",
      "resolved": "https://registry.npmjs.org/estree-walker/-/estree-walker-2.0.2.tgz",
      "integrity": "sha512-Rfkk/Mp/DL7JVje3u18FxFujQlTNR2q6QfMSMB7AvCBx91NGj/ba3kCfza0f6dVDbw7YlRf/nDrn7pQrCCyQ/w=="
    },
    "fecha": {
      "version": "4.2.1",
      "resolved": "https://registry.npmjs.org/fecha/-/fecha-4.2.1.tgz",
      "integrity": "sha512-MMMQ0ludy/nBs1/o0zVOiKTpG7qMbonKUzjJgQFEuvq6INZ1OraKPRAWkBq5vlKLOUMpmNYG1JoN3oDPUQ9m3Q=="
    },
    "follow-redirects": {
      "version": "1.14.1",
      "resolved": "https://registry.npmjs.org/follow-redirects/-/follow-redirects-1.14.1.tgz",
      "integrity": "sha512-HWqDgT7ZEkqRzBvc2s64vSZ/hfOceEol3ac/7tKwzuvEyWx3/4UegXh5oBOIotkGsObyk3xznnSRVADBgWSQVg=="
    },
    "fsevents": {
      "version": "2.3.2",
      "resolved": "https://registry.npmjs.org/fsevents/-/fsevents-2.3.2.tgz",
      "integrity": "sha512-xiqMQR4xAeHTuB9uWm+fFRcIOgKBMiOBP+eXiyT7jsgVCq1bkVygt00oASowB7EdtpOHaaPgKt812P9ab+DDKA==",
      "dev": true,
      "optional": true
    },
    "function-bind": {
      "version": "1.1.1",
      "resolved": "https://registry.npmjs.org/function-bind/-/function-bind-1.1.1.tgz",
      "integrity": "sha512-yIovAzMX49sF8Yl58fSCWJ5svSLuaibPxXQJFLmBObTuCr0Mf1KiPopGM9NiFjiYBCbfaa2Fh6breQ6ANVTI0A==",
      "dev": true
    },
    "generic-names": {
      "version": "2.0.1",
      "resolved": "https://registry.npmjs.org/generic-names/-/generic-names-2.0.1.tgz",
      "integrity": "sha512-kPCHWa1m9wGG/OwQpeweTwM/PYiQLrUIxXbt/P4Nic3LbGjCP0YwrALHW1uNLKZ0LIMg+RF+XRlj2ekT9ZlZAQ==",
      "dev": true,
      "requires": {
        "loader-utils": "^1.1.0"
      }
    },
    "gl-matrix": {
      "version": "3.3.0",
      "resolved": "https://registry.npmjs.org/gl-matrix/-/gl-matrix-3.3.0.tgz",
      "integrity": "sha512-COb7LDz+SXaHtl/h4LeaFcNdJdAQSDeVqjiIihSXNrkWObZLhDI4hIkZC11Aeqp7bcE72clzB0BnDXr2SmslRA=="
    },
    "has": {
      "version": "1.0.3",
      "resolved": "https://registry.npmjs.org/has/-/has-1.0.3.tgz",
      "integrity": "sha512-f2dvO0VU6Oej7RkWJGrehjbzMAjFp5/VKPp5tTpWIV4JHHZK1/BxbFRtf/siA2SWTe09caDmVtYYzWEIbBS4zw==",
      "dev": true,
      "requires": {
        "function-bind": "^1.1.1"
      }
    },
    "hash-sum": {
      "version": "2.0.0",
      "resolved": "https://registry.npmjs.org/hash-sum/-/hash-sum-2.0.0.tgz",
      "integrity": "sha512-WdZTbAByD+pHfl/g9QSsBIIwy8IT+EsPiKDs0KNX+zSHhdDLFKdZu0BQHljvO+0QI/BasbMSUa8wYNCZTvhslg==",
      "dev": true
    },
    "icss-replace-symbols": {
      "version": "1.1.0",
      "resolved": "https://registry.npmjs.org/icss-replace-symbols/-/icss-replace-symbols-1.1.0.tgz",
      "integrity": "sha1-Bupvg2ead0njhs/h/oEq5dsiPe0=",
      "dev": true
    },
    "icss-utils": {
      "version": "5.1.0",
      "resolved": "https://registry.npmjs.org/icss-utils/-/icss-utils-5.1.0.tgz",
      "integrity": "sha512-soFhflCVWLfRNOPU3iv5Z9VUdT44xFRbzjLsEzSr5AQmgqPMTHdU3PMT1Cf1ssx8fLNJDA1juftYl+PUcv3MqA==",
      "dev": true
    },
    "internmap": {
      "version": "1.0.1",
      "resolved": "https://registry.npmjs.org/internmap/-/internmap-1.0.1.tgz",
      "integrity": "sha512-lDB5YccMydFBtasVtxnZ3MRBHuaoE8GKsppq+EchKL2U4nK/DmEpPHNH8MZe5HkMtpSiTSOZwfN0tzYjO/lJEw=="
    },
    "is-core-module": {
      "version": "2.4.0",
      "resolved": "https://registry.npmjs.org/is-core-module/-/is-core-module-2.4.0.tgz",
      "integrity": "sha512-6A2fkfq1rfeQZjxrZJGerpLCTHRNEBiSgnu0+obeJpEPZRUooHgsizvzv0ZjJwOz3iWIHdJtVWJ/tmPr3D21/A==",
      "dev": true,
      "requires": {
        "has": "^1.0.3"
      }
    },
    "json5": {
      "version": "1.0.1",
      "resolved": "https://registry.npmjs.org/json5/-/json5-1.0.1.tgz",
      "integrity": "sha512-aKS4WQjPenRxiQsC93MNfjx+nbF4PAdYzmd/1JIj8HYzqfbu86beTuNgXDzPknWk0n0uARlyewZo4s++ES36Ow==",
      "dev": true,
      "requires": {
        "minimist": "^1.2.0"
      }
    },
    "loader-utils": {
      "version": "1.4.0",
      "resolved": "https://registry.npmjs.org/loader-utils/-/loader-utils-1.4.0.tgz",
      "integrity": "sha512-qH0WSMBtn/oHuwjy/NucEgbx5dbxxnxup9s4PVXJUDHZBQY+s0NWA9rJf53RBnQZxfch7euUui7hpoAPvALZdA==",
      "dev": true,
      "requires": {
        "big.js": "^5.2.2",
        "emojis-list": "^3.0.0",
        "json5": "^1.0.1"
      }
    },
    "lodash.camelcase": {
      "version": "4.3.0",
      "resolved": "https://registry.npmjs.org/lodash.camelcase/-/lodash.camelcase-4.3.0.tgz",
      "integrity": "sha1-soqmKIorn8ZRA1x3EfZathkDMaY=",
      "dev": true
    },
    "lru-cache": {
      "version": "5.1.1",
      "resolved": "https://registry.npmjs.org/lru-cache/-/lru-cache-5.1.1.tgz",
      "integrity": "sha512-KpNARQA3Iwv+jTA0utUVVbrh+Jlrr1Fv0e56GGzAFOXN7dk/FviaDW8LHmK52DlcH4WP2n6gI8vN1aesBFgo9w==",
      "dev": true,
      "requires": {
        "yallist": "^3.0.2"
      }
    },
    "magic-string": {
      "version": "0.25.7",
      "resolved": "https://registry.npmjs.org/magic-string/-/magic-string-0.25.7.tgz",
      "integrity": "sha512-4CrMT5DOHTDk4HYDlzmwu4FVCcIYI8gauveasrdCu2IKIFOJ3f0v/8MDGJCDL9oD2ppz/Av1b0Nj345H9M+XIA==",
      "dev": true,
      "requires": {
        "sourcemap-codec": "^1.4.4"
      }
    },
    "merge-source-map": {
      "version": "1.1.0",
      "resolved": "https://registry.npmjs.org/merge-source-map/-/merge-source-map-1.1.0.tgz",
      "integrity": "sha512-Qkcp7P2ygktpMPh2mCQZaf3jhN6D3Z/qVZHSdWvQ+2Ef5HgRAPBO57A77+ENm0CPx2+1Ce/MYKi3ymqdfuqibw==",
      "dev": true,
      "requires": {
        "source-map": "^0.6.1"
      }
    },
    "minimist": {
      "version": "1.2.5",
      "resolved": "https://registry.npmjs.org/minimist/-/minimist-1.2.5.tgz",
      "integrity": "sha512-FM9nNUYrRBAELZQT3xeZQ7fmMOBg6nWNmJKTcgsJeaLstP/UODVpGsr5OhXhhXg6f+qtJ8uiZ+PUxkDWcgIXLw==",
      "dev": true
    },
    "nanoid": {
      "version": "3.1.23",
      "resolved": "https://registry.npmjs.org/nanoid/-/nanoid-3.1.23.tgz",
      "integrity": "sha512-FiB0kzdP0FFVGDKlRLEQ1BgDzU87dy5NnzjeW9YZNt+/c3+q82EQDUwniSAUxp/F0gFNI1ZhKU1FqYsMuqZVnw==",
      "dev": true
    },
    "path-parse": {
      "version": "1.0.7",
      "resolved": "https://registry.npmjs.org/path-parse/-/path-parse-1.0.7.tgz",
      "integrity": "sha512-LDJzPVEEEPR+y48z93A0Ed0yXb8pAByGWo/k5YYdYgpY2/2EsOsksJrq7lOHxryrVOn1ejG6oAp8ahvOIQD8sw==",
      "dev": true
    },
    "pdfast": {
      "version": "0.2.0",
      "resolved": "https://registry.npmjs.org/pdfast/-/pdfast-0.2.0.tgz",
      "integrity": "sha1-jLxVbhvyUiF3eHwN4uDUNzuohck="
    },
    "postcss": {
      "version": "8.3.5",
      "resolved": "https://registry.npmjs.org/postcss/-/postcss-8.3.5.tgz",
      "integrity": "sha512-NxTuJocUhYGsMiMFHDUkmjSKT3EdH4/WbGF6GCi1NDGk+vbcUTun4fpbOqaPtD8IIsztA2ilZm2DhYCuyN58gA==",
      "dev": true,
      "requires": {
        "colorette": "^1.2.2",
        "nanoid": "^3.1.23",
        "source-map-js": "^0.6.2"
      }
    },
    "postcss-modules": {
      "version": "4.1.3",
      "resolved": "https://registry.npmjs.org/postcss-modules/-/postcss-modules-4.1.3.tgz",
      "integrity": "sha512-dBT39hrXe4OAVYJe/2ZuIZ9BzYhOe7t+IhedYeQ2OxKwDpAGlkEN/fR0fGnrbx4BvgbMReRX4hCubYK9cE/pJQ==",
      "dev": true,
      "requires": {
        "generic-names": "^2.0.1",
        "icss-replace-symbols": "^1.1.0",
        "lodash.camelcase": "^4.3.0",
        "postcss-modules-extract-imports": "^3.0.0",
        "postcss-modules-local-by-default": "^4.0.0",
        "postcss-modules-scope": "^3.0.0",
        "postcss-modules-values": "^4.0.0",
        "string-hash": "^1.1.1"
      }
    },
    "postcss-modules-extract-imports": {
      "version": "3.0.0",
      "resolved": "https://registry.npmjs.org/postcss-modules-extract-imports/-/postcss-modules-extract-imports-3.0.0.tgz",
      "integrity": "sha512-bdHleFnP3kZ4NYDhuGlVK+CMrQ/pqUm8bx/oGL93K6gVwiclvX5x0n76fYMKuIGKzlABOy13zsvqjb0f92TEXw==",
      "dev": true
    },
    "postcss-modules-local-by-default": {
      "version": "4.0.0",
      "resolved": "https://registry.npmjs.org/postcss-modules-local-by-default/-/postcss-modules-local-by-default-4.0.0.tgz",
      "integrity": "sha512-sT7ihtmGSF9yhm6ggikHdV0hlziDTX7oFoXtuVWeDd3hHObNkcHRo9V3yg7vCAY7cONyxJC/XXCmmiHHcvX7bQ==",
      "dev": true,
      "requires": {
        "icss-utils": "^5.0.0",
        "postcss-selector-parser": "^6.0.2",
        "postcss-value-parser": "^4.1.0"
      }
    },
    "postcss-modules-scope": {
      "version": "3.0.0",
      "resolved": "https://registry.npmjs.org/postcss-modules-scope/-/postcss-modules-scope-3.0.0.tgz",
      "integrity": "sha512-hncihwFA2yPath8oZ15PZqvWGkWf+XUfQgUGamS4LqoP1anQLOsOJw0vr7J7IwLpoY9fatA2qiGUGmuZL0Iqlg==",
      "dev": true,
      "requires": {
        "postcss-selector-parser": "^6.0.4"
      }
    },
    "postcss-modules-values": {
      "version": "4.0.0",
      "resolved": "https://registry.npmjs.org/postcss-modules-values/-/postcss-modules-values-4.0.0.tgz",
      "integrity": "sha512-RDxHkAiEGI78gS2ofyvCsu7iycRv7oqw5xMWn9iMoR0N/7mf9D50ecQqUo5BZ9Zh2vH4bCUR/ktCqbB9m8vJjQ==",
      "dev": true,
      "requires": {
        "icss-utils": "^5.0.0"
      }
    },
    "postcss-selector-parser": {
      "version": "6.0.6",
      "resolved": "https://registry.npmjs.org/postcss-selector-parser/-/postcss-selector-parser-6.0.6.tgz",
      "integrity": "sha512-9LXrvaaX3+mcv5xkg5kFwqSzSH1JIObIx51PrndZwlmznwXRfxMddDvo9gve3gVR8ZTKgoFDdWkbRFmEhT4PMg==",
      "dev": true,
      "requires": {
        "cssesc": "^3.0.0",
        "util-deprecate": "^1.0.2"
      }
    },
    "postcss-value-parser": {
      "version": "4.1.0",
      "resolved": "https://registry.npmjs.org/postcss-value-parser/-/postcss-value-parser-4.1.0.tgz",
      "integrity": "sha512-97DXOFbQJhk71ne5/Mt6cOu6yxsSfM0QGQyl0L25Gca4yGWEGJaig7l7gbCX623VqTBNGLRLaVUCnNkcedlRSQ==",
      "dev": true
    },
    "ramda": {
      "version": "0.27.1",
      "resolved": "https://registry.npmjs.org/ramda/-/ramda-0.27.1.tgz",
      "integrity": "sha512-PgIdVpn5y5Yns8vqb8FzBUEYn98V3xcPgawAkkgj0YJ0qDsnHCiNmZYfOGMgOvoB0eWFLpYbhxUR3mxfDIMvpw=="
    },
    "resolve": {
      "version": "1.20.0",
      "resolved": "https://registry.npmjs.org/resolve/-/resolve-1.20.0.tgz",
      "integrity": "sha512-wENBPt4ySzg4ybFQW2TT1zMQucPK95HSh/nq2CFTZVOGut2+pQvSsgtda4d26YrYcr067wjbmzOG8byDPBX63A==",
      "dev": true,
      "requires": {
        "is-core-module": "^2.2.0",
        "path-parse": "^1.0.6"
      }
    },
    "rollup": {
      "version": "2.52.2",
      "resolved": "https://registry.npmjs.org/rollup/-/rollup-2.52.2.tgz",
      "integrity": "sha512-4RlFC3k2BIHlUsJ9mGd8OO+9Lm2eDF5P7+6DNQOp5sx+7N/1tFM01kELfbxlMX3MxT6owvLB1ln4S3QvvQlbUA==",
      "dev": true,
      "requires": {
        "fsevents": "~2.3.2"
      }
    },
    "size-sensor": {
      "version": "1.0.1",
      "resolved": "https://registry.npmjs.org/size-sensor/-/size-sensor-1.0.1.tgz",
      "integrity": "sha512-QTy7MnuugCFXIedXRpUSk9gUnyNiaxIdxGfUjr8xxXOqIB3QvBUYP9+b51oCg2C4dnhaeNk/h57TxjbvoJrJUA=="
    },
    "source-map": {
      "version": "0.6.1",
      "resolved": "https://registry.npmjs.org/source-map/-/source-map-0.6.1.tgz",
      "integrity": "sha512-UjgapumWlbMhkBgzT7Ykc5YXUT46F0iKu8SGXq0bcwP5dz/h0Plj6enJqjz1Zbq2l5WaqYnrVbwWOWMyF3F47g=="
    },
    "source-map-js": {
      "version": "0.6.2",
      "resolved": "https://registry.npmjs.org/source-map-js/-/source-map-js-0.6.2.tgz",
      "integrity": "sha512-/3GptzWzu0+0MBQFrDKzw/DvvMTUORvgY6k6jd/VS6iCR4RDTKWH6v6WPwQoUO8667uQEf9Oe38DxAYWY5F/Ug==",
      "dev": true
    },
    "sourcemap-codec": {
      "version": "1.4.8",
      "resolved": "https://registry.npmjs.org/sourcemap-codec/-/sourcemap-codec-1.4.8.tgz",
      "integrity": "sha512-9NykojV5Uih4lgo5So5dtw+f0JgJX30KCNI8gwhz2J9A15wD0Ml6tjHKwf6fTSa6fAdVBdZeNOs9eJ71qCk8vA==",
      "dev": true
    },
    "string-hash": {
      "version": "1.1.3",
      "resolved": "https://registry.npmjs.org/string-hash/-/string-hash-1.1.3.tgz",
      "integrity": "sha1-6Kr8CsGFW0Zmkp7X3RJ1311sgRs=",
      "dev": true
    },
    "to-fast-properties": {
      "version": "2.0.0",
      "resolved": "https://registry.npmjs.org/to-fast-properties/-/to-fast-properties-2.0.0.tgz",
      "integrity": "sha1-3F5pjL0HkmW8c+A3doGk5Og/YW4="
    },
    "tslib": {
      "version": "2.3.1",
      "resolved": "https://registry.npmjs.org/tslib/-/tslib-2.3.1.tgz",
      "integrity": "sha512-77EbyPPpMz+FRFRuAFlWMtmgUWGe9UOG2Z25NqCwiIjRhOf5iKGuzSe5P2w1laq+FkRy4p+PCuVkJSGkzTEKVw=="
    },
    "util-deprecate": {
      "version": "1.0.2",
      "resolved": "https://registry.npmjs.org/util-deprecate/-/util-deprecate-1.0.2.tgz",
      "integrity": "sha1-RQ1Nyfpw3nMnYvvS1KKJgUGaDM8=",
      "dev": true
    },
    "vite": {
      "version": "2.3.8",
      "resolved": "https://registry.npmjs.org/vite/-/vite-2.3.8.tgz",
      "integrity": "sha512-QiEx+iqNnJntSgSF2fWRQvRey9pORIrtNJzNyBJXwc+BdzWs83FQolX84cTBo393cfhObrtWa6180dAa4NLDiQ==",
      "dev": true,
      "requires": {
        "esbuild": "^0.12.8",
        "fsevents": "~2.3.2",
        "postcss": "^8.3.4",
        "resolve": "^1.20.0",
        "rollup": "^2.38.5"
      }
    },
    "vue": {
      "version": "3.1.1",
      "resolved": "https://registry.npmjs.org/vue/-/vue-3.1.1.tgz",
      "integrity": "sha512-j9fj3PNPMxo2eqOKYjMuss9XBS8ZtmczLY3kPvjcp9d3DbhyNqLYbaMQH18+1pDIzzVvQCQBvIf774LsjjqSKA==",
      "requires": {
        "@vue/compiler-dom": "3.1.1",
        "@vue/runtime-dom": "3.1.1",
        "@vue/shared": "3.1.1"
      }
    },
    "vue-demi": {
      "version": "0.9.1",
      "resolved": "https://registry.npmjs.org/vue-demi/-/vue-demi-0.9.1.tgz",
      "integrity": "sha512-7s1lufRD2l369eFWPjgLvhqCRk0XzGWJsQc7K4q+0mZtixyGIvsK1Cg88P4NcaRIEiBuuN4q1NN4SZKFKwQswA=="
    },
    "vue-router": {
      "version": "4.0.10",
      "resolved": "https://registry.npmjs.org/vue-router/-/vue-router-4.0.10.tgz",
      "integrity": "sha512-YbPf6QnZpyyWfnk7CUt2Bme+vo7TLfg1nGZNkvYqKYh4vLaFw6Gn8bPGdmt5m4qrGnKoXLqc4htAsd3dIukICA==",
      "requires": {
        "@vue/devtools-api": "^6.0.0-beta.14"
      }
    },
    "vue3-charts": {
      "version": "1.1.17",
      "resolved": "https://registry.npmjs.org/vue3-charts/-/vue3-charts-1.1.17.tgz",
      "integrity": "sha512-WXo0Hd0dtttamwhFRYKF5jTlk9PcD29hi3P/BgyWqqZL4UXsqMH8WQ5Pt/nf4S6gd6IkXyloP65zfAn8YL3p0w==",
      "requires": {
        "d3-array": "^2.12.1",
        "d3-axis": "^2.1.0",
        "d3-format": "^2.0.0",
        "d3-hierarchy": "^2.0.0",
        "d3-interpolate": "^2.0.1",
        "d3-scale": "^3.2.4",
        "d3-selection": "^2.0.0",
        "d3-shape": "^2.1.0",
        "ramda": "^0.27.1"
      }
    },
    "vue3-use-axios": {
      "version": "0.2.2",
      "resolved": "https://registry.npmjs.org/vue3-use-axios/-/vue3-use-axios-0.2.2.tgz",
      "integrity": "sha512-IdX3QXcMpi2u2Uwqu60FvygO+tPoNh15yGkEeNNYuVHWvNzfMeSatnkzK4znOhxkkMS2VO2o+leD4k3zNd8MTg==",
      "requires": {
        "axios": "^0.20.0",
        "core-js": "^3.6.5",
        "vue": "^3.0.0"
      },
      "dependencies": {
        "axios": {
          "version": "0.20.0",
          "resolved": "https://registry.npmjs.org/axios/-/axios-0.20.0.tgz",
          "integrity": "sha512-ANA4rr2BDcmmAQLOKft2fufrtuvlqR+cXNNinUmvfeSNCOF98PZL+7M/v1zIdGo7OLjEA9J2gXJL+j4zGsl0bA==",
          "requires": {
            "follow-redirects": "^1.10.0"
          }
        }
      }
    },
    "yallist": {
      "version": "3.1.1",
      "resolved": "https://registry.npmjs.org/yallist/-/yallist-3.1.1.tgz",
      "integrity": "sha512-a4UGQaWPH59mOXUYnAG2ewncQS4i4F43Tv3JoAM+s2VDAmS9NsK8GpDMLrCHPksFT7h3K6TOoUNn2pb7RoXx4g==",
      "dev": true
    }
  }
}
